<?xml version="1.0" encoding="utf-8"?>
<Project ToolsVersion="4.0" xmlns="http://schemas.microsoft.com/developer/msbuild/2003">
  <ItemGroup>
    <Filter Include="Source Files">
      <UniqueIdentifier>{4FC737F1-C7A5-4376-A066-2A32D752A2FF}</UniqueIdentifier>
      <Extensions>cpp;c;cc;cxx;def;odl;idl;hpj;bat;asm;asmx</Extensions>
    </Filter>
    <Filter Include="Header Files">
      <UniqueIdentifier>{93995380-89BD-4b04-88EB-625FBE52EBFB}</UniqueIdentifier>
      <Extensions>h;hh;hpp;hxx;hm;inl;inc;xsd</Extensions>
    </Filter>
    <Filter Include="Resource Files">
      <UniqueIdentifier>{67DA6AB6-F800-4c08-8B7A-83BB121AAD01}</UniqueIdentifier>
      <Extensions>rc;ico;cur;bmp;dlg;rc2;rct;bin;rgs;gif;jpg;jpeg;jpe;resx;tiff;tif;png;wav;mfcribbon-ms</Extensions>
    </Filter>
    <Filter Include="Scripts">
      <UniqueIdentifier>{acd6763b-5ff1-4f4c-ab8f-73e01960497f}</UniqueIdentifier>
    </Filter>
    <Filter Include="Source Files\AutoGen">
      <UniqueIdentifier>{047256b5-55b5-4b13-aebb-b712d8055ec2}</UniqueIdentifier>
    </Filter>
    <Filter Include="Header Files\AutoGen">
      <UniqueIdentifier>{5645e505-3c04-42d6-8049-de46b6ce16b7}</UniqueIdentifier>
    </Filter>
  </ItemGroup>
  <ItemGroup>
    <ClInclude Include="EventManager.h">
      <Filter>Header Files</Filter>
    </ClInclude>
    <ClInclude Include="Event.h">
      <Filter>Header Files</Filter>
    </ClInclude>
    <ClInclude Include="Listener.h">
      <Filter>Header Files</Filter>
    </ClInclude>
    <ClInclude Include="Node.h">
      <Filter>Header Files</Filter>
    </ClInclude>
    <ClInclude Include="States.h">
      <Filter>Header Files</Filter>
    </ClInclude>
    <ClInclude Include="Drawable.h">
      <Filter>Header Files</Filter>
    </ClInclude>
    <ClInclude Include="Entity.h">
      <Filter>Header Files</Filter>
    </ClInclude>
    <ClInclude Include="Room.h">
      <Filter>Header Files</Filter>
    </ClInclude>
    <ClInclude Include="World.h">
      <Filter>Header Files</Filter>
    </ClInclude>
    <ClInclude Include="InputManager.h">
      <Filter>Header Files</Filter>
    </ClInclude>
    <ClInclude Include="Game.h">
      <Filter>Header Files</Filter>
    </ClInclude>
    <ClInclude Include="Graphics.h">
      <Filter>Header Files</Filter>
    </ClInclude>
    <ClInclude Include="Resources.h">
      <Filter>Header Files</Filter>
    </ClInclude>
    <ClInclude Include="Image.h">
      <Filter>Header Files</Filter>
    </ClInclude>
    <ClInclude Include="Environment.h">
      <Filter>Header Files</Filter>
    </ClInclude>
    <ClInclude Include="Animation.h">
      <Filter>Header Files</Filter>
    </ClInclude>
    <ClInclude Include="Element.h">
      <Filter>Header Files</Filter>
    </ClInclude>
    <ClInclude Include="Timer.h">
      <Filter>Header Files</Filter>
    </ClInclude>
    <ClInclude Include="Events.h">
      <Filter>Header Files\AutoGen</Filter>
    </ClInclude>
    <ClInclude Include="SpriteIds.h">
      <Filter>Header Files\AutoGen</Filter>
    </ClInclude>
    <ClInclude Include="AnimationIds.h">
      <Filter>Header Files\AutoGen</Filter>
    </ClInclude>
    <ClInclude Include="SpriteSheetIDs.h">
      <Filter>Header Files\AutoGen</Filter>
    </ClInclude>
    <ClInclude Include="AutoGen.h">
      <Filter>Header Files\AutoGen</Filter>
    </ClInclude>
  </ItemGroup>
  <ItemGroup>
    <ClCompile Include="EventManager.cpp">
      <Filter>Source Files</Filter>
    </ClCompile>
    <ClCompile Include="Main.cpp">
      <Filter>Source Files</Filter>
    </ClCompile>
    <ClCompile Include="World.cpp">
      <Filter>Source Files</Filter>
    </ClCompile>
    <ClCompile Include="InputManager.cpp">
      <Filter>Source Files</Filter>
    </ClCompile>
    <ClCompile Include="Game.cpp">
      <Filter>Source Files</Filter>
    </ClCompile>
    <ClCompile Include="Graphics.cpp">
      <Filter>Source Files</Filter>
    </ClCompile>
    <ClCompile Include="Resources.cpp">
      <Filter>Source Files</Filter>
    </ClCompile>
    <ClCompile Include="Image.cpp">
      <Filter>Source Files</Filter>
    </ClCompile>
    <ClCompile Include="Environment.cpp">
      <Filter>Source Files</Filter>
    </ClCompile>
    <ClCompile Include="Animation.cpp">
      <Filter>Source Files</Filter>
    </ClCompile>
    <ClCompile Include="Timer.cpp">
      <Filter>Source Files</Filter>
    </ClCompile>
    <ClCompile Include="AnimationIds.cpp">
      <Filter>Source Files\AutoGen</Filter>
    </ClCompile>
    <ClCompile Include="SpriteIds.cpp">
      <Filter>Source Files\AutoGen</Filter>
    </ClCompile>
    <ClCompile Include="Events.cpp">
      <Filter>Source Files\AutoGen</Filter>
    </ClCompile>
    <ClCompile Include="SpriteSheetIDs.cpp">
      <Filter>Source Files\AutoGen</Filter>
    </ClCompile>
  </ItemGroup>
  <ItemGroup>
    <Text Include="resources\Data\Events.txt">
      <Filter>Resource Files</Filter>
    </Text>
    <Text Include="resources\Data\SpriteIDs.txt">
      <Filter>Resource Files</Filter>
    </Text>
    <Text Include="ImageIDs.txt">
      <Filter>Resource Files</Filter>
    </Text>
    <Text Include="resources\Data\AnimationIDs.txt">
      <Filter>Resource Files</Filter>
    </Text>
    <Text Include="resources\Data\SpriteSheetIDs.txt">
      <Filter>Resource Files</Filter>
    </Text>
  </ItemGroup>
  <ItemGroup>
    <None Include="resources\Scripts\makeAll.py">
      <Filter>Scripts</Filter>
    </None>
    <None Include="resources\Scripts\genDefs.py">
      <Filter>Scripts</Filter>
    </None>
  </ItemGroup>
</Project>